<?xml version="1.0" encoding="utf-8"?>
<Project ToolsVersion="4.0" xmlns="http://schemas.microsoft.com/developer/msbuild/2003">
  <ItemGroup>
    <Filter Include="Common">
      <UniqueIdentifier>{d80db9d2-a390-490d-af05-960c491a81dc}</UniqueIdentifier>
    </Filter>
    <Filter Include="Common\Math">
      <UniqueIdentifier>{4ab1968f-14e4-4fd1-aa8b-a2d024fca76a}</UniqueIdentifier>
    </Filter>
    <Filter Include="Common\Entity">
      <UniqueIdentifier>{bae816a1-fdd1-4729-b307-4f205d125786}</UniqueIdentifier>
    </Filter>
    <Filter Include="Common\Time">
      <UniqueIdentifier>{2d59eb7e-69e2-482d-aeae-5b8aa813beaa}</UniqueIdentifier>
    </Filter>
    <Filter Include="High Level Interface">
      <UniqueIdentifier>{64c6ae9c-15d0-489d-9af4-02cbd94dcfd8}</UniqueIdentifier>
    </Filter>
    <Filter Include="Graphics">
      <UniqueIdentifier>{51f45fc1-e910-4ccc-b630-3e3c23ab97fa}</UniqueIdentifier>
    </Filter>
    <Filter Include="Input">
      <UniqueIdentifier>{8214f030-3af7-41cb-97e9-185e0962107e}</UniqueIdentifier>
    </Filter>
    <Filter Include="Resource">
      <UniqueIdentifier>{82504df2-e4b3-49ee-ae44-9ca19cf512da}</UniqueIdentifier>
    </Filter>
    <Filter Include="Resource\Resources">
      <UniqueIdentifier>{b1bb4f32-2af9-4c5f-832d-82cf215d7d6e}</UniqueIdentifier>
    </Filter>
    <Filter Include="Shape">
      <UniqueIdentifier>{52e669a3-5363-4c8a-abc6-df0b4eef32f7}</UniqueIdentifier>
    </Filter>
    <Filter Include="Scene">
      <UniqueIdentifier>{92cc3bd6-7f88-4939-899d-0c4ff7382bf3}</UniqueIdentifier>
    </Filter>
    <Filter Include="GameObject">
      <UniqueIdentifier>{9ca4e5ac-b3e9-4984-9608-c1ddc4aa19a0}</UniqueIdentifier>
    </Filter>
    <Filter Include="GameObject\Component">
      <UniqueIdentifier>{e50008a3-98ad-45c6-b2d3-acf54c7c85ee}</UniqueIdentifier>
    </Filter>
    <Filter Include="Scene\Layer">
      <UniqueIdentifier>{082d2abd-d8da-451a-9254-ebd9b7da2f04}</UniqueIdentifier>
    </Filter>
    <Filter Include="Manager">
      <UniqueIdentifier>{a76c01cc-fb8a-4f71-9d8a-4f4bcecf9a94}</UniqueIdentifier>
    </Filter>
    <Filter Include="GameObject\Component\Transform">
      <UniqueIdentifier>{79951a14-3094-4a4d-93e4-07027adaab09}</UniqueIdentifier>
    </Filter>
    <Filter Include="GameObject\Component\Script">
      <UniqueIdentifier>{59bd9bd3-4fac-45b9-b8dd-89916f49ae59}</UniqueIdentifier>
    </Filter>
    <Filter Include="GameObject\Component\MeshRenderer">
      <UniqueIdentifier>{750ac737-9294-46ca-98fe-de09d67c3375}</UniqueIdentifier>
    </Filter>
    <Filter Include="Material">
      <UniqueIdentifier>{bcbfd691-ac53-4383-b293-30b572acabc7}</UniqueIdentifier>
    </Filter>
    <Filter Include="Texture">
      <UniqueIdentifier>{ebe6421b-a0d2-4db2-9232-b08c781d0097}</UniqueIdentifier>
    </Filter>
    <Filter Include="GameObject\Component\Camera">
      <UniqueIdentifier>{97668caa-126d-4a46-95e3-c4f993464ec4}</UniqueIdentifier>
    </Filter>
    <Filter Include="GameObject\Character">
      <UniqueIdentifier>{494ada95-6d06-48a0-beb0-93cf5e7e297a}</UniqueIdentifier>
    </Filter>
    <Filter Include="Graphics\Mesh">
      <UniqueIdentifier>{9355cfbb-7c22-4172-a38f-ce4c19586c93}</UniqueIdentifier>
    </Filter>
    <Filter Include="Graphics\Renderer">
      <UniqueIdentifier>{016a427e-372e-4930-9719-8d22d0c7f3f9}</UniqueIdentifier>
    </Filter>
    <Filter Include="Graphics\shader">
      <UniqueIdentifier>{39bcbf8d-28cb-48cc-96e8-e049a8a93424}</UniqueIdentifier>
    </Filter>
    <Filter Include="Graphics\GraphicDevice">
      <UniqueIdentifier>{8fd2f646-19ca-4fea-9968-23fce17f4258}</UniqueIdentifier>
    </Filter>
    <Filter Include="ConstantBuffer">
      <UniqueIdentifier>{0c4b8d84-3cd8-4643-ba2e-f6c8994133b2}</UniqueIdentifier>
    </Filter>
    <Filter Include="GameObject\UI">
      <UniqueIdentifier>{bedc1a43-4593-435f-aa34-9c30b48f8a12}</UniqueIdentifier>
    </Filter>
    <Filter Include="GameObject\BackGround">
      <UniqueIdentifier>{d1619e43-c20c-4a3f-9b6e-3990fc1a6f72}</UniqueIdentifier>
    </Filter>
    <Filter Include="Kd-Tree">
      <UniqueIdentifier>{700634f5-3b76-48c3-aa81-a60ec329fba3}</UniqueIdentifier>
    </Filter>
    <Filter Include="GameObject\Monster">
      <UniqueIdentifier>{281b7a2d-009a-47d1-9613-add3e7ec2dd7}</UniqueIdentifier>
    </Filter>
    <Filter Include="GameObject\Component\Collider">
      <UniqueIdentifier>{cf7a5ef5-f215-4aec-83fd-67cd04bcd886}</UniqueIdentifier>
    </Filter>
    <Filter Include="Resource\Animation">
      <UniqueIdentifier>{ee3a7312-59c8-4777-b369-b7371239f19b}</UniqueIdentifier>
    </Filter>
    <Filter Include="GameObject\Component\Animator">
      <UniqueIdentifier>{41f88c44-9000-494a-ab31-8afa54c961da}</UniqueIdentifier>
    </Filter>
    <Filter Include="GameObject\Fish">
      <UniqueIdentifier>{903f9ba2-72bf-4b83-8fc4-50d5f9193a9d}</UniqueIdentifier>
    </Filter>
    <Filter Include="BT-Tree">
      <UniqueIdentifier>{ca4f0bdd-92e3-42fd-9a6b-cd785febf2dc}</UniqueIdentifier>
    </Filter>
    <Filter Include="BlackBorad">
      <UniqueIdentifier>{4813f637-b014-42a6-ba1c-f9c511307907}</UniqueIdentifier>
    </Filter>
    <Filter Include="BT-Tree\Node">
      <UniqueIdentifier>{2cce25da-fee6-4f64-859f-482d52ee9611}</UniqueIdentifier>
    </Filter>
    <Filter Include="BT-Tree\CompositeNode">
      <UniqueIdentifier>{a805e2ca-30fc-48c0-a4c7-e13930db0c2a}</UniqueIdentifier>
    </Filter>
    <Filter Include="BT-Tree\RootNode">
      <UniqueIdentifier>{363c71d6-c01c-45e0-8352-6d7731eee5b5}</UniqueIdentifier>
    </Filter>
    <Filter Include="BT-Tree\CompositeNode\Sequence">
      <UniqueIdentifier>{446773bd-cf54-4798-ad96-10aa2da26f5b}</UniqueIdentifier>
    </Filter>
    <Filter Include="BT-Tree\CompositeNode\Selector">
      <UniqueIdentifier>{5de64922-7b51-44c8-9564-d9e9b4988c47}</UniqueIdentifier>
    </Filter>
    <Filter Include="BT-Tree\DecoratorNode">
      <UniqueIdentifier>{f58dee9f-87ea-4249-b2cc-5f5a1384094c}</UniqueIdentifier>
    </Filter>
    <Filter Include="BT-Tree\DecoratorNode\Inverter">
      <UniqueIdentifier>{7df99e25-5125-4ee9-b81e-f793ca4572e0}</UniqueIdentifier>
    </Filter>
    <Filter Include="BT-Tree\DecoratorNode\Succeeder">
      <UniqueIdentifier>{5cf9b2c6-4216-406d-a694-440c70803fb8}</UniqueIdentifier>
    </Filter>
    <Filter Include="BT-Tree\DecoratorNode\RepeatUntilFail">
      <UniqueIdentifier>{372a2b12-38e7-43e9-a8f0-a94eafb6918e}</UniqueIdentifier>
    </Filter>
    <Filter Include="BT-Tree\CompositeNode\RandomSelector">
      <UniqueIdentifier>{c1ee14d3-f740-43e1-8980-f3aa376aaa8a}</UniqueIdentifier>
    </Filter>
    <Filter Include="GameObject\Component\Light">
      <UniqueIdentifier>{a69ccb4a-196a-4243-9a74-9937a6e22a50}</UniqueIdentifier>
    </Filter>
    <Filter Include="Graphics\StructedBuffer">
      <UniqueIdentifier>{7798a062-0335-4def-a2ab-e1e8f1886b0a}</UniqueIdentifier>
    </Filter>
  </ItemGroup>
  <ItemGroup>
    <ClCompile Include="$(MSBuildThisFileDirectory)MnEntity.cpp">
      <Filter>Common\Entity</Filter>
    </ClCompile>
    <ClCompile Include="$(MSBuildThisFileDirectory)MnInput.cpp">
      <Filter>Input</Filter>
    </ClCompile>
    <ClCompile Include="$(MSBuildThisFileDirectory)MnResource.cpp">
      <Filter>Resource</Filter>
    </ClCompile>
    <ClCompile Include="$(MSBuildThisFileDirectory)MnResources.cpp">
      <Filter>Resource\Resources</Filter>
    </ClCompile>
    <ClCompile Include="$(MSBuildThisFileDirectory)MnMath.cpp">
      <Filter>Common\Math</Filter>
    </ClCompile>
    <ClCompile Include="$(MSBuildThisFileDirectory)MnTime.cpp">
      <Filter>Common\Time</Filter>
    </ClCompile>
    <ClCompile Include="$(MSBuildThisFileDirectory)MnApplication.cpp">
      <Filter>High Level Interface</Filter>
    </ClCompile>
    <ClCompile Include="$(MSBuildThisFileDirectory)MnRectangle.cpp">
      <Filter>Shape</Filter>
    </ClCompile>
    <ClCompile Include="$(MSBuildThisFileDirectory)MnCircle.cpp">
      <Filter>Shape</Filter>
    </ClCompile>
    <ClCompile Include="$(MSBuildThisFileDirectory)MnScene.cpp">
      <Filter>Scene</Filter>
    </ClCompile>
    <ClCompile Include="$(MSBuildThisFileDirectory)MnGameObject.cpp">
      <Filter>GameObject</Filter>
    </ClCompile>
    <ClCompile Include="$(MSBuildThisFileDirectory)MnComponent.cpp">
      <Filter>GameObject\Component</Filter>
    </ClCompile>
    <ClCompile Include="$(MSBuildThisFileDirectory)MnLayer.cpp">
      <Filter>Scene\Layer</Filter>
    </ClCompile>
    <ClCompile Include="$(MSBuildThisFileDirectory)MnSceneManager.cpp">
      <Filter>Manager</Filter>
    </ClCompile>
    <ClCompile Include="$(MSBuildThisFileDirectory)MnTransform.cpp">
      <Filter>GameObject\Component\Transform</Filter>
    </ClCompile>
    <ClCompile Include="$(MSBuildThisFileDirectory)MnScript.cpp">
      <Filter>GameObject\Component\Script</Filter>
    </ClCompile>
    <ClCompile Include="$(MSBuildThisFileDirectory)MnMeshRenderer.cpp">
      <Filter>GameObject\Component\MeshRenderer</Filter>
    </ClCompile>
    <ClCompile Include="$(MSBuildThisFileDirectory)MnMaterial.cpp">
      <Filter>Material</Filter>
    </ClCompile>
    <ClCompile Include="$(MSBuildThisFileDirectory)MnTexture.cpp">
      <Filter>Texture</Filter>
    </ClCompile>
    <ClCompile Include="$(MSBuildThisFileDirectory)MnCamera.cpp">
      <Filter>GameObject\Component\Camera</Filter>
    </ClCompile>
    <ClCompile Include="$(MSBuildThisFileDirectory)MnCharacter.cpp">
      <Filter>GameObject\Character</Filter>
    </ClCompile>
    <ClCompile Include="$(MSBuildThisFileDirectory)MnMainCharacter.cpp" />
    <ClCompile Include="$(MSBuildThisFileDirectory)MnMesh.cpp">
      <Filter>Graphics\Mesh</Filter>
    </ClCompile>
    <ClCompile Include="$(MSBuildThisFileDirectory)MnRenderer.cpp">
      <Filter>Graphics\Renderer</Filter>
    </ClCompile>
    <ClCompile Include="$(MSBuildThisFileDirectory)MnShader.cpp">
      <Filter>Graphics\shader</Filter>
    </ClCompile>
    <ClCompile Include="$(MSBuildThisFileDirectory)MnGraphicDevice_Dx11.cpp">
      <Filter>Graphics\GraphicDevice</Filter>
    </ClCompile>
    <ClCompile Include="$(MSBuildThisFileDirectory)MnConstantBuffer.cpp">
      <Filter>ConstantBuffer</Filter>
    </ClCompile>
    <ClCompile Include="$(MSBuildThisFileDirectory)MnUI.cpp">
      <Filter>GameObject\UI</Filter>
    </ClCompile>
    <ClCompile Include="$(MSBuildThisFileDirectory)MnBackGround.cpp">
      <Filter>GameObject\BackGround</Filter>
    </ClCompile>
    <ClCompile Include="$(MSBuildThisFileDirectory)MnKdTree.cpp">
      <Filter>Kd-Tree</Filter>
    </ClCompile>
    <ClCompile Include="$(MSBuildThisFileDirectory)MnMonster.cpp">
      <Filter>GameObject\Monster</Filter>
    </ClCompile>
    <ClCompile Include="$(MSBuildThisFileDirectory)MnCollider2D.cpp">
      <Filter>GameObject\Component\Collider</Filter>
    </ClCompile>
    <ClCompile Include="$(MSBuildThisFileDirectory)MnCollisionManager.cpp">
      <Filter>Manager</Filter>
    </ClCompile>
    <ClCompile Include="$(MSBuildThisFileDirectory)MnAnimation.cpp">
      <Filter>Resource\Animation</Filter>
    </ClCompile>
    <ClCompile Include="$(MSBuildThisFileDirectory)MnAnimator.cpp">
      <Filter>GameObject\Component\Animator</Filter>
    </ClCompile>
    <ClCompile Include="$(MSBuildThisFileDirectory)MnFish.cpp">
      <Filter>GameObject\Fish</Filter>
    </ClCompile>
    <ClCompile Include="$(MSBuildThisFileDirectory)MnBtNode.cpp">
      <Filter>BT-Tree\Node</Filter>
    </ClCompile>
    <ClCompile Include="$(MSBuildThisFileDirectory)MnCompositeNode.cpp">
      <Filter>BT-Tree\CompositeNode</Filter>
    </ClCompile>
    <ClCompile Include="$(MSBuildThisFileDirectory)MnRootNode.cpp">
      <Filter>BT-Tree\RootNode</Filter>
    </ClCompile>
    <ClCompile Include="$(MSBuildThisFileDirectory)MnSelector.cpp">
      <Filter>BT-Tree\CompositeNode\Selector</Filter>
    </ClCompile>
    <ClCompile Include="$(MSBuildThisFileDirectory)MnSequence.cpp">
      <Filter>BT-Tree\CompositeNode\Sequence</Filter>
    </ClCompile>
    <ClCompile Include="$(MSBuildThisFileDirectory)MnDecoratorNode.cpp">
      <Filter>BT-Tree\DecoratorNode</Filter>
    </ClCompile>
    <ClCompile Include="$(MSBuildThisFileDirectory)MnInverter.cpp">
      <Filter>BT-Tree\DecoratorNode\Inverter</Filter>
    </ClCompile>
    <ClCompile Include="$(MSBuildThisFileDirectory)MnSucceeder.cpp">
      <Filter>BT-Tree\DecoratorNode\Succeeder</Filter>
    </ClCompile>
    <ClCompile Include="$(MSBuildThisFileDirectory)MnRepeatUntilFail.cpp">
      <Filter>BT-Tree\DecoratorNode\RepeatUntilFail</Filter>
    </ClCompile>
    <ClCompile Include="$(MSBuildThisFileDirectory)MnBlackBoard.cpp">
      <Filter>BlackBorad</Filter>
    </ClCompile>
    <ClCompile Include="$(MSBuildThisFileDirectory)RandomSelector.cpp" />
    <ClCompile Include="$(MSBuildThisFileDirectory)MnMouse.cpp" />
    <ClCompile Include="$(MSBuildThisFileDirectory)MnLight.cpp">
      <Filter>GameObject\Component\Light</Filter>
    </ClCompile>
    <ClCompile Include="$(MSBuildThisFileDirectory)MnStructedBuffer.cpp" />
    <ClCompile Include="$(MSBuildThisFileDirectory)MnComputeShader.cpp" />
    <ClCompile Include="$(MSBuildThisFileDirectory)MnPaintShader.cpp" />
    <ClCompile Include="$(MSBuildThisFileDirectory)MnParticleSystem.cpp" />
    <ClCompile Include="$(MSBuildThisFileDirectory)MnParticleShader.cpp" />
    <ClCompile Include="$(MSBuildThisFileDirectory)MnAudioClip.cpp" />
    <ClCompile Include="$(MSBuildThisFileDirectory)MnAudioListener.cpp" />
    <ClCompile Include="$(MSBuildThisFileDirectory)MnAudioSource.cpp" />
    <ClCompile Include="$(MSBuildThisFileDirectory)MnFmod.cpp" />
    <ClCompile Include="$(MSBuildThisFileDirectory)MnFontWrapper.cpp" />
  </ItemGroup>
  <ItemGroup>
    <ClInclude Include="$(MSBuildThisFileDirectory)MnEntity.h">
      <Filter>Common\Entity</Filter>
    </ClInclude>
    <ClInclude Include="$(MSBuildThisFileDirectory)MnInput.h">
      <Filter>Input</Filter>
    </ClInclude>
    <ClInclude Include="$(MSBuildThisFileDirectory)MnResource.h">
      <Filter>Resource</Filter>
    </ClInclude>
    <ClInclude Include="$(MSBuildThisFileDirectory)MnResources.h">
      <Filter>Resource\Resources</Filter>
    </ClInclude>
    <ClInclude Include="$(MSBuildThisFileDirectory)MnMath.h">
      <Filter>Common\Math</Filter>
    </ClInclude>
    <ClInclude Include="$(MSBuildThisFileDirectory)MnTime.h">
      <Filter>Common\Time</Filter>
    </ClInclude>
    <ClInclude Include="$(MSBuildThisFileDirectory)MnGraphics.h">
      <Filter>Graphics</Filter>
    </ClInclude>
    <ClInclude Include="$(MSBuildThisFileDirectory)CommonInclude.h">
      <Filter>Common</Filter>
    </ClInclude>
    <ClInclude Include="$(MSBuildThisFileDirectory)MnEnums.h">
      <Filter>Common</Filter>
    </ClInclude>
    <ClInclude Include="$(MSBuildThisFileDirectory)MoonEngine.h">
      <Filter>Common</Filter>
    </ClInclude>
    <ClInclude Include="$(MSBuildThisFileDirectory)MnApplication.h">
      <Filter>High Level Interface</Filter>
    </ClInclude>
    <ClInclude Include="$(MSBuildThisFileDirectory)MnRectangle.h">
      <Filter>Shape</Filter>
    </ClInclude>
    <ClInclude Include="$(MSBuildThisFileDirectory)MnCircle.h">
      <Filter>Shape</Filter>
    </ClInclude>
    <ClInclude Include="$(MSBuildThisFileDirectory)MnScene.h">
      <Filter>Scene</Filter>
    </ClInclude>
    <ClInclude Include="$(MSBuildThisFileDirectory)MnGameObject.h">
      <Filter>GameObject</Filter>
    </ClInclude>
    <ClInclude Include="$(MSBuildThisFileDirectory)MnComponent.h">
      <Filter>GameObject\Component</Filter>
    </ClInclude>
    <ClInclude Include="$(MSBuildThisFileDirectory)MnLayer.h">
      <Filter>Scene\Layer</Filter>
    </ClInclude>
    <ClInclude Include="$(MSBuildThisFileDirectory)MnSceneManager.h">
      <Filter>Manager</Filter>
    </ClInclude>
    <ClInclude Include="$(MSBuildThisFileDirectory)MnTransform.h">
      <Filter>GameObject\Component\Transform</Filter>
    </ClInclude>
    <ClInclude Include="$(MSBuildThisFileDirectory)MnScript.h">
      <Filter>GameObject\Component\Script</Filter>
    </ClInclude>
    <ClInclude Include="$(MSBuildThisFileDirectory)MnMeshRenderer.h">
      <Filter>GameObject\Component\MeshRenderer</Filter>
    </ClInclude>
    <ClInclude Include="$(MSBuildThisFileDirectory)MnMaterial.h">
      <Filter>Material</Filter>
    </ClInclude>
    <ClInclude Include="$(MSBuildThisFileDirectory)MnTexture.h">
      <Filter>Texture</Filter>
    </ClInclude>
    <ClInclude Include="$(MSBuildThisFileDirectory)MnCamera.h">
      <Filter>GameObject\Component\Camera</Filter>
    </ClInclude>
    <ClInclude Include="$(MSBuildThisFileDirectory)MnCharacter.h">
      <Filter>GameObject\Character</Filter>
    </ClInclude>
    <ClInclude Include="$(MSBuildThisFileDirectory)MnMainCharacter.h" />
    <ClInclude Include="$(MSBuildThisFileDirectory)MnMesh.h">
      <Filter>Graphics\Mesh</Filter>
    </ClInclude>
    <ClInclude Include="$(MSBuildThisFileDirectory)MnRenderer.h">
      <Filter>Graphics\Renderer</Filter>
    </ClInclude>
    <ClInclude Include="$(MSBuildThisFileDirectory)MnShader.h">
      <Filter>Graphics\shader</Filter>
    </ClInclude>
    <ClInclude Include="$(MSBuildThisFileDirectory)MnGraphicDevice_Dx11.h">
      <Filter>Graphics\GraphicDevice</Filter>
    </ClInclude>
    <ClInclude Include="$(MSBuildThisFileDirectory)MnConstantBuffer.h">
      <Filter>ConstantBuffer</Filter>
    </ClInclude>
    <ClInclude Include="$(MSBuildThisFileDirectory)MnUI.h">
      <Filter>GameObject\UI</Filter>
    </ClInclude>
    <ClInclude Include="$(MSBuildThisFileDirectory)MnBackGround.h">
      <Filter>GameObject\BackGround</Filter>
    </ClInclude>
    <ClInclude Include="$(MSBuildThisFileDirectory)MnObject.h" />
    <ClInclude Include="$(MSBuildThisFileDirectory)MnKdTree.h">
      <Filter>Kd-Tree</Filter>
    </ClInclude>
    <ClInclude Include="$(MSBuildThisFileDirectory)MnMonster.h">
      <Filter>GameObject\Monster</Filter>
    </ClInclude>
    <ClInclude Include="$(MSBuildThisFileDirectory)MnCollider2D.h">
      <Filter>GameObject\Component\Collider</Filter>
    </ClInclude>
    <ClInclude Include="$(MSBuildThisFileDirectory)MnCollisionManager.h">
      <Filter>Manager</Filter>
    </ClInclude>
    <ClInclude Include="$(MSBuildThisFileDirectory)MnAnimation.h">
      <Filter>Resource\Animation</Filter>
    </ClInclude>
    <ClInclude Include="$(MSBuildThisFileDirectory)MnAnimator.h">
      <Filter>GameObject\Component\Animator</Filter>
    </ClInclude>
    <ClInclude Include="$(MSBuildThisFileDirectory)MnFish.h">
      <Filter>GameObject\Fish</Filter>
    </ClInclude>
    <ClInclude Include="$(MSBuildThisFileDirectory)MnBtNode.h">
      <Filter>BT-Tree\Node</Filter>
    </ClInclude>
    <ClInclude Include="$(MSBuildThisFileDirectory)MnCompositeNode.h">
      <Filter>BT-Tree\CompositeNode</Filter>
    </ClInclude>
    <ClInclude Include="$(MSBuildThisFileDirectory)MnRootNode.h">
      <Filter>BT-Tree\RootNode</Filter>
    </ClInclude>
    <ClInclude Include="$(MSBuildThisFileDirectory)MnSelector.h">
      <Filter>BT-Tree\CompositeNode\Selector</Filter>
    </ClInclude>
    <ClInclude Include="$(MSBuildThisFileDirectory)MnSequence.h">
      <Filter>BT-Tree\CompositeNode\Sequence</Filter>
    </ClInclude>
    <ClInclude Include="$(MSBuildThisFileDirectory)MnDecoratorNode.h">
      <Filter>BT-Tree\DecoratorNode</Filter>
    </ClInclude>
    <ClInclude Include="$(MSBuildThisFileDirectory)MnInverter.h">
      <Filter>BT-Tree\DecoratorNode\Inverter</Filter>
    </ClInclude>
    <ClInclude Include="$(MSBuildThisFileDirectory)MnSucceeder.h">
      <Filter>BT-Tree\DecoratorNode\Succeeder</Filter>
    </ClInclude>
    <ClInclude Include="$(MSBuildThisFileDirectory)MnRepeatUntilFail.h">
      <Filter>BT-Tree\DecoratorNode\RepeatUntilFail</Filter>
    </ClInclude>
    <ClInclude Include="$(MSBuildThisFileDirectory)MnBlackBoard.h">
      <Filter>BlackBorad</Filter>
    </ClInclude>
    <ClInclude Include="$(MSBuildThisFileDirectory)MnRandomSelector.h" />
    <ClInclude Include="$(MSBuildThisFileDirectory)MnMouse.h" />
    <ClInclude Include="$(MSBuildThisFileDirectory)MnLight.h">
      <Filter>GameObject\Component\Light</Filter>
    </ClInclude>
    <ClInclude Include="$(MSBuildThisFileDirectory)MnStructedBuffer.h" />
    <ClInclude Include="$(MSBuildThisFileDirectory)MnComputeShader.h" />
    <ClInclude Include="$(MSBuildThisFileDirectory)MnPaintShader.h" />
    <ClInclude Include="$(MSBuildThisFileDirectory)MnParticleSystem.h" />
    <ClInclude Include="$(MSBuildThisFileDirectory)MnParticleShader.h" />
    <ClInclude Include="$(MSBuildThisFileDirectory)MnAudioClip.h" />
    <ClInclude Include="$(MSBuildThisFileDirectory)MnAudioListener.h" />
    <ClInclude Include="$(MSBuildThisFileDirectory)MnAudioSource.h" />
    <ClInclude Include="$(MSBuildThisFileDirectory)MnFmod.h" />
    <ClInclude Include="$(MSBuildThisFileDirectory)MnFontWrapper.h" />
  </ItemGroup>
  <ItemGroup>
    <None Include="$(MSBuildThisFileDirectory)MnMath.inl">
      <Filter>Common\Math</Filter>
    </None>
  </ItemGroup>
</Project>