<?xml version="1.0" encoding="utf-8"?>
<Project ToolsVersion="4.0" xmlns="http://schemas.microsoft.com/developer/msbuild/2003">
  <ItemGroup>
    <ClInclude Include="framework.h" />
    <ClInclude Include="LoadScene.h">
      <Filter>Contents\Load</Filter>
    </ClInclude>
    <ClInclude Include="MnPlayerHp.h">
      <Filter>Contents\UI</Filter>
    </ClInclude>
    <ClInclude Include="MnPumpkin.h">
      <Filter>Contents\Monster</Filter>
    </ClInclude>
    <ClInclude Include="playScene.h">
      <Filter>Contents\Scene\Stage_1</Filter>
    </ClInclude>
    <ClInclude Include="MnTitleScene.h">
      <Filter>Contents\Scene\Title</Filter>
    </ClInclude>
    <ClInclude Include="MnHpBar.h">
      <Filter>Contents\UI</Filter>
    </ClInclude>
    <ClInclude Include="MnHpFrame.h">
      <Filter>Contents\UI</Filter>
    </ClInclude>
    <ClInclude Include="MnMountainStage.h">
      <Filter>Contents\Scene\Stage_3</Filter>
    </ClInclude>
    <ClInclude Include="MnAquarimBG.h">
      <Filter>Contents\BackGround\Aquarim</Filter>
    </ClInclude>
    <ClInclude Include="MnTopBar.h">
      <Filter>Contents\UI</Filter>
    </ClInclude>
    <ClInclude Include="MnMenuScene.h">
      <Filter>Contents\Scene\Title</Filter>
    </ClInclude>
    <ClInclude Include="MnMenuBG.h">
      <Filter>Contents\BackGround\Menu</Filter>
    </ClInclude>
    <ClInclude Include="MnGuppy.h">
      <Filter>Contents\Fish\Guppy</Filter>
    </ClInclude>
    <ClInclude Include="MnGuppyRenderScript.h">
      <Filter>Contents\Scripts\Guppy\Render</Filter>
    </ClInclude>
    <ClInclude Include="MnCameraScript.h">
      <Filter>Contents\Scripts\Camera</Filter>
    </ClInclude>
    <ClInclude Include="MnGridScript.h">
      <Filter>Contents\Scripts\Grid</Filter>
    </ClInclude>
    <ClInclude Include="MnGuppyScript.h">
      <Filter>Contents\Scripts\Guppy</Filter>
    </ClInclude>
    <ClInclude Include="MnGuppyAnimationCntrl.h">
      <Filter>Contents\Scripts\Guppy\AnimationCntrl</Filter>
    </ClInclude>
    <ClInclude Include="MnGuppyBehaviorTree.h">
      <Filter>Contents\Scripts\GuppyBehaviorTree</Filter>
    </ClInclude>
    <ClInclude Include="resource.h" />
    <ClInclude Include="MnFindFood.h">
      <Filter>Contents\LeafNode\Guppy\FindFood</Filter>
    </ClInclude>
    <ClInclude Include="MnPlayAnimaion.h">
      <Filter>Contents\LeafNode\Guppy\PlayAnimaion</Filter>
    </ClInclude>
    <ClInclude Include="MnMove.h">
      <Filter>Contents\LeafNode\Guppy\Move</Filter>
    </ClInclude>
    <ClInclude Include="MnIsTurn.h">
      <Filter>Contents\LeafNode\Guppy\IsTurn</Filter>
    </ClInclude>
    <ClInclude Include="MnGuppyTurn.h">
      <Filter>Contents\LeafNode\Guppy\Turn</Filter>
    </ClInclude>
    <ClInclude Include="MnMousePosScript.h">
      <Filter>Contents\Scripts\Mouse</Filter>
    </ClInclude>
    <ClInclude Include="MnFood.h">
      <Filter>Contents\Food</Filter>
    </ClInclude>
    <ClInclude Include="MnAddHungryStack.h">
      <Filter>Contents\LeafNode\Guppy\AddHungryStack</Filter>
    </ClInclude>
    <ClInclude Include="MnIsHungry.h">
      <Filter>Contents\LeafNode\Guppy\IsHungry</Filter>
    </ClInclude>
    <ClInclude Include="MnMove2Food.h">
      <Filter>Contents\LeafNode\Guppy\Move2Food</Filter>
    </ClInclude>
    <ClInclude Include="MnEatFood.h">
      <Filter>Contents\LeafNode\Guppy\EatFood</Filter>
    </ClInclude>
    <ClInclude Include="MnCoin.h">
      <Filter>Contents\Coin</Filter>
    </ClInclude>
    <ClInclude Include="MnFoodScript.h">
      <Filter>Contents\Scripts\FoodScript</Filter>
    </ClInclude>
    <ClInclude Include="MnAddLevel.h">
      <Filter>Contents\LeafNode\Guppy\AddLevel</Filter>
    </ClInclude>
    <ClInclude Include="MnDropCoin.h">
      <Filter>Contents\LeafNode\Guppy\DropCoin</Filter>
    </ClInclude>
    <ClInclude Include="MnCoinRender.h">
      <Filter>Contents\Scripts\CoinRender</Filter>
    </ClInclude>
    <ClInclude Include="MnGuppyDeath.h">
      <Filter>Contents\LeafNode\Guppy\Death</Filter>
    </ClInclude>
    <ClInclude Include="MnNiko.h">
      <Filter>Contents\Pet\Niko</Filter>
    </ClInclude>
    <ClInclude Include="MnNikoScript.h">
      <Filter>Contents\Scripts\Niko</Filter>
    </ClInclude>
    <ClInclude Include="MnNikoBehaviorTree.h">
      <Filter>Contents\Scripts\Niko</Filter>
    </ClInclude>
    <ClInclude Include="MnNikoRenderer.h">
      <Filter>Contents\Scripts\Niko\Render</Filter>
    </ClInclude>
    <ClInclude Include="MnDestroyFish.h">
      <Filter>Contents\LeafNode\Guppy\Death</Filter>
    </ClInclude>
  </ItemGroup>
  <ItemGroup>
    <ClCompile Include="MoonEngine.cpp" />
    <ClCompile Include="MnPlayerHp.cpp">
      <Filter>Contents\UI</Filter>
    </ClCompile>
    <ClCompile Include="MnPumpkin.cpp">
      <Filter>Contents\Monster</Filter>
    </ClCompile>
    <ClCompile Include="playScene.cpp">
      <Filter>Contents\Scene\Stage_1</Filter>
    </ClCompile>
    <ClCompile Include="MnTitleScene.cpp">
      <Filter>Contents\Scene\Title</Filter>
    </ClCompile>
    <ClCompile Include="MnHpBar.cpp">
      <Filter>Contents\UI</Filter>
    </ClCompile>
    <ClCompile Include="MnHpFrame.cpp">
      <Filter>Contents\UI</Filter>
    </ClCompile>
    <ClCompile Include="MnMountainStage.cpp">
      <Filter>Contents\Scene\Stage_3</Filter>
    </ClCompile>
    <ClCompile Include="MnAquarimBG.cpp">
      <Filter>Contents\BackGround\Aquarim</Filter>
    </ClCompile>
    <ClCompile Include="MnTopBar.cpp">
      <Filter>Contents\UI</Filter>
    </ClCompile>
    <ClCompile Include="MnMenuScene.cpp">
      <Filter>Contents\Scene\Title</Filter>
    </ClCompile>
    <ClCompile Include="MnMenuBG.cpp">
      <Filter>Contents\BackGround\Menu</Filter>
    </ClCompile>
    <ClCompile Include="MnGuppy.cpp">
      <Filter>Contents\Fish\Guppy</Filter>
    </ClCompile>
    <ClCompile Include="MnGuppyRenderScript.cpp">
      <Filter>Contents\Scripts\Guppy\Render</Filter>
    </ClCompile>
    <ClCompile Include="MnCameraScript.cpp">
      <Filter>Contents\Scripts\Camera</Filter>
    </ClCompile>
    <ClCompile Include="MnGridScript.cpp">
      <Filter>Contents\Scripts\Grid</Filter>
    </ClCompile>
    <ClCompile Include="MnGuppyScript.cpp">
      <Filter>Contents\Scripts\Guppy</Filter>
    </ClCompile>
    <ClCompile Include="MnGuppyAnimationCntrl.cpp">
      <Filter>Contents\Scripts\Guppy\AnimationCntrl</Filter>
    </ClCompile>
    <ClCompile Include="MnGuppyBehaviorTree.cpp">
      <Filter>Contents\Scripts\GuppyBehaviorTree</Filter>
    </ClCompile>
    <ClCompile Include="MnFindFood.cpp">
      <Filter>Contents\LeafNode\Guppy\FindFood</Filter>
    </ClCompile>
    <ClCompile Include="MnPlayAnimaion.cpp">
      <Filter>Contents\LeafNode\Guppy\PlayAnimaion</Filter>
    </ClCompile>
    <ClCompile Include="MnMove.cpp">
      <Filter>Contents\LeafNode\Guppy\Move</Filter>
    </ClCompile>
    <ClCompile Include="MnIsTurn.cpp">
      <Filter>Contents\LeafNode\Guppy\IsTurn</Filter>
    </ClCompile>
    <ClCompile Include="MnGuppyTurn.cpp">
      <Filter>Contents\LeafNode\Guppy\Turn</Filter>
    </ClCompile>
    <ClCompile Include="MnMousePosScript.cpp">
      <Filter>Contents\Scripts\Mouse</Filter>
    </ClCompile>
    <ClCompile Include="MnFood.cpp">
      <Filter>Contents\Food</Filter>
    </ClCompile>
    <ClCompile Include="MnAddHungryStack.cpp">
      <Filter>Contents\LeafNode\Guppy\AddHungryStack</Filter>
    </ClCompile>
    <ClCompile Include="MnIsHungry.cpp">
      <Filter>Contents\LeafNode\Guppy\IsHungry</Filter>
    </ClCompile>
    <ClCompile Include="MnMove2Food.cpp">
      <Filter>Contents\LeafNode\Guppy\Move2Food</Filter>
    </ClCompile>
    <ClCompile Include="MnEatFood.cpp">
      <Filter>Contents\LeafNode\Guppy\EatFood</Filter>
    </ClCompile>
    <ClCompile Include="MnCoin.cpp">
      <Filter>Contents\Coin</Filter>
    </ClCompile>
    <ClCompile Include="MnFoodScript.cpp">
      <Filter>Contents\Scripts\FoodScript</Filter>
    </ClCompile>
    <ClCompile Include="MnAddLevel.cpp">
      <Filter>Contents\LeafNode\Guppy\AddLevel</Filter>
    </ClCompile>
    <ClCompile Include="MnDropCoin.cpp">
      <Filter>Contents\LeafNode\Guppy\DropCoin</Filter>
    </ClCompile>
    <ClCompile Include="MnCoinRender.cpp">
      <Filter>Contents\Scripts\CoinRender</Filter>
    </ClCompile>
    <ClCompile Include="MnGuppyDeath.cpp">
      <Filter>Contents\LeafNode\Guppy\Death</Filter>
    </ClCompile>
    <ClCompile Include="MnNiko.cpp">
      <Filter>Contents\Pet\Niko</Filter>
    </ClCompile>
    <ClCompile Include="MnNikoScript.cpp">
      <Filter>Contents\Scripts\Niko</Filter>
    </ClCompile>
    <ClCompile Include="MnNikoBehaviorTree.cpp">
      <Filter>Contents\Scripts\Niko</Filter>
    </ClCompile>
    <ClCompile Include="MnNikoRenderer.cpp">
      <Filter>Contents\Scripts\Niko\Render</Filter>
    </ClCompile>
    <ClCompile Include="MnDestroyFish.cpp">
      <Filter>Contents\LeafNode\Guppy\Death</Filter>
    </ClCompile>
  </ItemGroup>
  <ItemGroup>
    <Filter Include="Contents">
      <UniqueIdentifier>{5bd0338d-6f5a-4cf7-a5eb-8ac76d22bbf1}</UniqueIdentifier>
    </Filter>
    <Filter Include="Contents\Scripts">
      <UniqueIdentifier>{a68b2a13-3248-440a-8f45-be6076d17f79}</UniqueIdentifier>
    </Filter>
    <Filter Include="Contents\Scene">
      <UniqueIdentifier>{a9b745f7-a3cb-4e6a-90d5-88b238a1db7c}</UniqueIdentifier>
    </Filter>
    <Filter Include="Contents\Load">
      <UniqueIdentifier>{64460e03-0eec-4f30-9969-ac14b48662b8}</UniqueIdentifier>
    </Filter>
    <Filter Include="Contents\UI">
      <UniqueIdentifier>{d6a5643c-5fc4-4c8b-a82d-fca0352925af}</UniqueIdentifier>
    </Filter>
    <Filter Include="Contents\BackGround">
      <UniqueIdentifier>{af507ee7-ecd2-43d5-9670-60b196a54a47}</UniqueIdentifier>
    </Filter>
    <Filter Include="Contents\Monster">
      <UniqueIdentifier>{283dc678-6cf2-4112-8f44-0b0f17f8dad2}</UniqueIdentifier>
    </Filter>
    <Filter Include="Contents\Scene\Stage_2">
      <UniqueIdentifier>{0a002c5d-f9da-4cb8-844b-00262e8ff083}</UniqueIdentifier>
    </Filter>
    <Filter Include="Contents\Scene\Stage_1">
      <UniqueIdentifier>{dc460d1a-f75f-46ff-9485-a951339f9cdc}</UniqueIdentifier>
    </Filter>
    <Filter Include="Contents\Scene\Title">
      <UniqueIdentifier>{17c2c4b5-a802-43df-8cb1-304b6a905951}</UniqueIdentifier>
    </Filter>
    <Filter Include="Contents\Scene\Stage_3">
      <UniqueIdentifier>{c66f6439-7e6c-450a-9a5b-fb546cef4f86}</UniqueIdentifier>
    </Filter>
    <Filter Include="Contents\BackGround\Aquarim">
      <UniqueIdentifier>{fd3b9dc8-cd9c-46f8-9979-950cf5ee3ca8}</UniqueIdentifier>
    </Filter>
    <Filter Include="Contents\BackGround\Menu">
      <UniqueIdentifier>{8e220940-8bc6-419e-8bb2-6401562b52f1}</UniqueIdentifier>
    </Filter>
    <Filter Include="Contents\Scripts\Camera">
      <UniqueIdentifier>{199f0f2d-b4aa-4ece-ad8a-fff0f6a9abff}</UniqueIdentifier>
    </Filter>
    <Filter Include="Contents\Scripts\Grid">
      <UniqueIdentifier>{c4a82383-6cad-49e3-8106-1012a36d1362}</UniqueIdentifier>
    </Filter>
    <Filter Include="Contents\Scripts\Guppy">
      <UniqueIdentifier>{6f8d0803-1917-4b64-a1e3-3832a0727030}</UniqueIdentifier>
    </Filter>
    <Filter Include="Contents\Scripts\Guppy\Render">
      <UniqueIdentifier>{74729f92-dae5-465b-b8d4-2dc38c2f2a71}</UniqueIdentifier>
    </Filter>
    <Filter Include="Contents\Scripts\Guppy\AnimationCntrl">
      <UniqueIdentifier>{f4f05190-345c-43e0-b323-2ef95a2169d5}</UniqueIdentifier>
    </Filter>
    <Filter Include="Contents\Scripts\GuppyBehaviorTree">
      <UniqueIdentifier>{846405bb-df90-4774-9f98-75e70204c3bb}</UniqueIdentifier>
    </Filter>
    <Filter Include="Contents\LeafNode">
      <UniqueIdentifier>{5b209fe8-25b7-4e4a-846c-537d2715d244}</UniqueIdentifier>
    </Filter>
    <Filter Include="Contents\LeafNode\Guppy">
      <UniqueIdentifier>{06ef8ce5-0f96-46d0-96ec-6626ab38800c}</UniqueIdentifier>
    </Filter>
    <Filter Include="Contents\LeafNode\Guppy\IsHungry">
      <UniqueIdentifier>{52a33871-08a6-45f8-9ef3-8cbf4c719d04}</UniqueIdentifier>
    </Filter>
    <Filter Include="Contents\LeafNode\Guppy\FindFood">
      <UniqueIdentifier>{23dc3609-3f10-4a5d-955c-ed6f5b122911}</UniqueIdentifier>
    </Filter>
    <Filter Include="Contents\LeafNode\Guppy\PlayAnimaion">
      <UniqueIdentifier>{8bb735cd-1982-4777-8f5b-28bca9a84f6f}</UniqueIdentifier>
    </Filter>
    <Filter Include="Contents\LeafNode\Guppy\Move">
      <UniqueIdentifier>{4c9f49b3-1d8f-4c41-bc08-b44a03300560}</UniqueIdentifier>
    </Filter>
    <Filter Include="Contents\LeafNode\Guppy\IsTurn">
      <UniqueIdentifier>{b36cc6bd-6388-4022-a745-fad2edce3ac0}</UniqueIdentifier>
    </Filter>
    <Filter Include="Contents\LeafNode\Guppy\Turn">
      <UniqueIdentifier>{b3a427d3-12d7-49de-96a3-d033fb5e2ee2}</UniqueIdentifier>
    </Filter>
    <Filter Include="Contents\Scripts\Mouse">
      <UniqueIdentifier>{8b0b1d74-8c8b-450a-a311-28364d402d1a}</UniqueIdentifier>
    </Filter>
    <Filter Include="Contents\Food">
      <UniqueIdentifier>{5ca81470-328f-40ba-81e3-27d8c8ea2cee}</UniqueIdentifier>
    </Filter>
    <Filter Include="Contents\LeafNode\Guppy\AddHungryStack">
      <UniqueIdentifier>{3b8b3277-b812-47b1-88aa-c67158919a28}</UniqueIdentifier>
    </Filter>
    <Filter Include="Contents\LeafNode\Guppy\Move2Food">
      <UniqueIdentifier>{5dcd4143-0229-4702-9a6a-12e3d6f10620}</UniqueIdentifier>
    </Filter>
    <Filter Include="Contents\LeafNode\Guppy\EatFood">
      <UniqueIdentifier>{e5783598-111e-43a6-9321-6836c064f346}</UniqueIdentifier>
    </Filter>
    <Filter Include="Contents\Scripts\FoodScript">
      <UniqueIdentifier>{28acec9d-a6bc-4c37-983e-3da93687110d}</UniqueIdentifier>
    </Filter>
    <Filter Include="Contents\Coin">
      <UniqueIdentifier>{35c78fda-ba5d-44ae-b6c5-cf6be622ef02}</UniqueIdentifier>
    </Filter>
    <Filter Include="Contents\LeafNode\Guppy\AddLevel">
      <UniqueIdentifier>{24ec1fcc-a0b8-4206-a5d8-914778edbb04}</UniqueIdentifier>
    </Filter>
    <Filter Include="Contents\LeafNode\Guppy\DropCoin">
      <UniqueIdentifier>{dd9a2d88-31b8-4ae1-991e-3d9875438c09}</UniqueIdentifier>
    </Filter>
    <Filter Include="Contents\Scripts\CoinRender">
      <UniqueIdentifier>{d2e806e0-74ac-4a84-aabd-b8212453a784}</UniqueIdentifier>
    </Filter>
    <Filter Include="Contents\LeafNode\Guppy\Death">
      <UniqueIdentifier>{f51aa5a7-e7c1-45f0-abfb-79192e1f7bd2}</UniqueIdentifier>
    </Filter>
    <Filter Include="Contents\Pet">
      <UniqueIdentifier>{4818b4fd-de9e-4244-a2e3-8dfd73e43a73}</UniqueIdentifier>
    </Filter>
    <Filter Include="Contents\Pet\Niko">
      <UniqueIdentifier>{64bf592a-a499-4271-9834-61c019df90b9}</UniqueIdentifier>
    </Filter>
    <Filter Include="Contents\Fish">
      <UniqueIdentifier>{12e0e681-ae04-4632-beca-06fa4eaf3a13}</UniqueIdentifier>
    </Filter>
    <Filter Include="Contents\Fish\Guppy">
      <UniqueIdentifier>{865a5c95-e0a7-460e-8a0c-23234d50c7d4}</UniqueIdentifier>
    </Filter>
    <Filter Include="Contents\Scripts\Niko">
      <UniqueIdentifier>{be5ed189-ee24-42c9-a853-a861e134db93}</UniqueIdentifier>
    </Filter>
    <Filter Include="Contents\Scripts\Niko\Render">
      <UniqueIdentifier>{8247f518-9987-411e-9f4c-d294a80246f0}</UniqueIdentifier>
    </Filter>
  </ItemGroup>
  <ItemGroup>
    <ResourceCompile Include="MoonEngine.rc" />
  </ItemGroup>
</Project>