<?xml version="1.0" encoding="utf-8"?>
<Project ToolsVersion="4.0" xmlns="http://schemas.microsoft.com/developer/msbuild/2003">
  <ItemGroup>
    <ClInclude Include="framework.h" />
    <ClInclude Include="LoadScene.h">
      <Filter>Contents\Load</Filter>
    </ClInclude>
    <ClInclude Include="MnPlayerHp.h">
      <Filter>Contents\UI</Filter>
    </ClInclude>
    <ClInclude Include="playScene.h">
      <Filter>Contents\Scene\Stage_1</Filter>
    </ClInclude>
    <ClInclude Include="MnTitleScene.h">
      <Filter>Contents\Scene\Title</Filter>
    </ClInclude>
    <ClInclude Include="MnHpBar.h">
      <Filter>Contents\UI</Filter>
    </ClInclude>
    <ClInclude Include="MnHpFrame.h">
      <Filter>Contents\UI</Filter>
    </ClInclude>
    <ClInclude Include="MnMountainStage.h">
      <Filter>Contents\Scene\Stage_3</Filter>
    </ClInclude>
    <ClInclude Include="MnAquarimBG.h">
      <Filter>Contents\BackGround\Aquarim</Filter>
    </ClInclude>
    <ClInclude Include="MnTopBar.h">
      <Filter>Contents\UI</Filter>
    </ClInclude>
    <ClInclude Include="MnMenuScene.h">
      <Filter>Contents\Scene\Title</Filter>
    </ClInclude>
    <ClInclude Include="MnMenuBG.h">
      <Filter>Contents\BackGround\Menu</Filter>
    </ClInclude>
    <ClInclude Include="MnGuppy.h">
      <Filter>Contents\Fish\Guppy</Filter>
    </ClInclude>
    <ClInclude Include="MnGuppyRenderScript.h">
      <Filter>Contents\Scripts\Guppy\Render</Filter>
    </ClInclude>
    <ClInclude Include="MnCameraScript.h">
      <Filter>Contents\Scripts\Camera</Filter>
    </ClInclude>
    <ClInclude Include="MnGridScript.h">
      <Filter>Contents\Scripts\Grid</Filter>
    </ClInclude>
    <ClInclude Include="MnGuppyScript.h">
      <Filter>Contents\Scripts\Guppy</Filter>
    </ClInclude>
    <ClInclude Include="MnGuppyAnimationCntrl.h">
      <Filter>Contents\Scripts\Guppy\AnimationCntrl</Filter>
    </ClInclude>
    <ClInclude Include="MnGuppyBehaviorTree.h">
      <Filter>Contents\Scripts\Guppy\GuppyBehaviorTree</Filter>
    </ClInclude>
    <ClInclude Include="resource.h" />
    <ClInclude Include="MnFindFood.h">
      <Filter>Contents\LeafNode\Common\FindFood</Filter>
    </ClInclude>
    <ClInclude Include="MnMove.h">
      <Filter>Contents\LeafNode\Guppy\Move</Filter>
    </ClInclude>
    <ClInclude Include="MnIsTurn.h">
      <Filter>Contents\LeafNode\Guppy\IsTurn</Filter>
    </ClInclude>
    <ClInclude Include="MnGuppyTurn.h">
      <Filter>Contents\LeafNode\Guppy\Turn</Filter>
    </ClInclude>
    <ClInclude Include="MnMousePosScript.h">
      <Filter>Contents\Scripts\Mouse</Filter>
    </ClInclude>
    <ClInclude Include="MnFood.h">
      <Filter>Contents\Food</Filter>
    </ClInclude>
    <ClInclude Include="MnAddHungryStack.h">
      <Filter>Contents\LeafNode\Guppy\AddHungryStack</Filter>
    </ClInclude>
    <ClInclude Include="MnIsHungry.h">
      <Filter>Contents\LeafNode\Guppy\IsHungry</Filter>
    </ClInclude>
    <ClInclude Include="MnMove2Food.h">
      <Filter>Contents\LeafNode\Guppy\Move2Food</Filter>
    </ClInclude>
    <ClInclude Include="MnEatFood.h">
      <Filter>Contents\LeafNode\Guppy\EatFood</Filter>
    </ClInclude>
    <ClInclude Include="MnCoin.h">
      <Filter>Contents\Money\Coin</Filter>
    </ClInclude>
    <ClInclude Include="MnFoodScript.h">
      <Filter>Contents\Scripts\FoodScript</Filter>
    </ClInclude>
    <ClInclude Include="MnAddLevel.h">
      <Filter>Contents\LeafNode\Guppy\AddLevel</Filter>
    </ClInclude>
    <ClInclude Include="MnDropCoin.h">
      <Filter>Contents\LeafNode\Guppy\DropCoin</Filter>
    </ClInclude>
    <ClInclude Include="MnCoinRender.h">
      <Filter>Contents\Scripts\CoinRender</Filter>
    </ClInclude>
    <ClInclude Include="MnGuppyDeath.h">
      <Filter>Contents\LeafNode\Guppy\Death</Filter>
    </ClInclude>
    <ClInclude Include="MnNiko.h">
      <Filter>Contents\Pet\Niko</Filter>
    </ClInclude>
    <ClInclude Include="MnNikoScript.h">
      <Filter>Contents\Scripts\Niko</Filter>
    </ClInclude>
    <ClInclude Include="MnNikoBehaviorTree.h">
      <Filter>Contents\Scripts\Niko</Filter>
    </ClInclude>
    <ClInclude Include="MnNikoRenderer.h">
      <Filter>Contents\Scripts\Niko\Render</Filter>
    </ClInclude>
    <ClInclude Include="MnDestroyFish.h">
      <Filter>Contents\LeafNode\Guppy\Death</Filter>
    </ClInclude>
    <ClInclude Include="MnBalrog.h">
      <Filter>Contents\BossMonster\Balrog</Filter>
    </ClInclude>
    <ClInclude Include="MnBalrogRenderScript.h">
      <Filter>Contents\Scripts\BossMonster\BalrogScript</Filter>
    </ClInclude>
    <ClInclude Include="MnPearl.h">
      <Filter>Contents\Money\Pearl</Filter>
    </ClInclude>
    <ClInclude Include="MnPearlScript.h">
      <Filter>Contents\Scripts\Pearl</Filter>
    </ClInclude>
    <ClInclude Include="MnStinky.h">
      <Filter>Contents\Pet\Stinky</Filter>
    </ClInclude>
    <ClInclude Include="MnStinkyScript.h">
      <Filter>Contents\Scripts\Stinky</Filter>
    </ClInclude>
    <ClInclude Include="MnMoney.h">
      <Filter>Contents\Money</Filter>
    </ClInclude>
    <ClInclude Include="MnStinkyRenderScript.h">
      <Filter>Contents\Scripts\Stinky</Filter>
    </ClInclude>
    <ClInclude Include="MnStinkyBehaviorTree.h">
      <Filter>Contents\Scripts\Stinky</Filter>
    </ClInclude>
    <ClInclude Include="MnFindCoin.h">
      <Filter>Contents\LeafNode\Stinky</Filter>
    </ClInclude>
    <ClInclude Include="MnMove2Coin.h">
      <Filter>Contents\LeafNode\Stinky</Filter>
    </ClInclude>
    <ClInclude Include="MnFindBoss.h">
      <Filter>Contents\LeafNode\Stinky</Filter>
    </ClInclude>
    <ClInclude Include="MnStinkyHide.h">
      <Filter>Contents\LeafNode\Stinky</Filter>
    </ClInclude>
    <ClInclude Include="MnBalrogBehaviorTree.h">
      <Filter>Contents\Scripts\BossMonster\BalrogScript</Filter>
    </ClInclude>
    <ClInclude Include="MnComeOut.h">
      <Filter>Contents\LeafNode\Stinky</Filter>
    </ClInclude>
    <ClInclude Include="MnSwim.h">
      <Filter>Contents\LeafNode\Common\Swim</Filter>
    </ClInclude>
    <ClInclude Include="MnGuppyFoodTurn.h">
      <Filter>Contents\LeafNode\Guppy\Turn</Filter>
    </ClInclude>
    <ClInclude Include="MnEventManager.h">
      <Filter>Contents\EventManager</Filter>
    </ClInclude>
    <ClInclude Include="MnWarp.h">
      <Filter>Contents\Warp</Filter>
    </ClInclude>
    <ClInclude Include="MnWarpHole.h">
      <Filter>Contents\Warp</Filter>
    </ClInclude>
    <ClInclude Include="MnWarpRenderScript.h">
      <Filter>Contents\Warp</Filter>
    </ClInclude>
    <ClInclude Include="MnButton.h">
      <Filter>Contents\Button</Filter>
    </ClInclude>
    <ClInclude Include="MnInGameButton.h">
      <Filter>Contents\Button\InGameButton</Filter>
    </ClInclude>
    <ClInclude Include="MnEggIcon.h">
      <Filter>Contents\Icon</Filter>
    </ClInclude>
    <ClInclude Include="MnGuppyIcon.h">
      <Filter>Contents\Icon</Filter>
    </ClInclude>
    <ClInclude Include="MnButtonPanel.h">
      <Filter>Contents\Button</Filter>
    </ClInclude>
    <ClInclude Include="MnButtonFrameRender.h">
      <Filter>Contents\Button</Filter>
    </ClInclude>
    <ClInclude Include="MnButtonFrame.h">
      <Filter>Contents\Button</Filter>
    </ClInclude>
    <ClInclude Include="MnCaniboar.h">
      <Filter>Contents\Fish\Caniboar</Filter>
    </ClInclude>
    <ClInclude Include="MnCaniboarRender.h">
      <Filter>Contents\Scripts\Caniboare</Filter>
    </ClInclude>
    <ClInclude Include="MnCaniboarBehaviorTree.h">
      <Filter>Contents\Scripts\Caniboare</Filter>
    </ClInclude>
    <ClInclude Include="MnCaniBoarAnimatonCntrl.h">
      <Filter>Contents\Scripts\Caniboare</Filter>
    </ClInclude>
    <ClInclude Include="MnHungryCheck.h">
      <Filter>Contents\LeafNode\Guppy\IsHungry</Filter>
    </ClInclude>
    <ClInclude Include="MnPlayAnimaion.h">
      <Filter>Contents\Scripts\Caniboare</Filter>
    </ClInclude>
    <ClInclude Include="MnFindSmallGuppy.h">
      <Filter>Contents\Scripts\Caniboare</Filter>
    </ClInclude>
    <ClInclude Include="MnMove2Guppy.h">
      <Filter>Contents\Scripts\Caniboare</Filter>
    </ClInclude>
    <ClInclude Include="MnTurn2Food.h">
      <Filter>Contents\Scripts\Caniboare</Filter>
    </ClInclude>
    <ClInclude Include="MnDiamond.h">
      <Filter>Contents\Money\Diamond</Filter>
    </ClInclude>
    <ClInclude Include="MnZorf.h">
      <Filter>Contents\Pet\Zorf</Filter>
    </ClInclude>
    <ClInclude Include="MnDropDiamond.h">
      <Filter>Contents\Scripts\Caniboare</Filter>
    </ClInclude>
    <ClInclude Include="MnDiamondRender.h">
      <Filter>Contents\Scripts\Diamond</Filter>
    </ClInclude>
    <ClInclude Include="MnDiamondScript.h">
      <Filter>Contents\Scripts\Diamond</Filter>
    </ClInclude>
    <ClInclude Include="MnZorfRender.h">
      <Filter>Contents\Scripts\Zorf</Filter>
    </ClInclude>
    <ClInclude Include="MnZorfFeedDone.h">
      <Filter>Contents\LeafNode\Zorf\FeedDone</Filter>
    </ClInclude>
    <ClInclude Include="MnFeedTimer.h">
      <Filter>Contents\LeafNode\Zorf\FeedTimer</Filter>
    </ClInclude>
    <ClInclude Include="MnFindHungryGuppy.h">
      <Filter>Contents\LeafNode\Zorf\FindHungryGuppy</Filter>
    </ClInclude>
    <ClInclude Include="MnZorfFeedFood.h">
      <Filter>Contents\LeafNode\Zorf\FeedFood</Filter>
    </ClInclude>
    <ClInclude Include="MnZorfAnimationCntrl.h">
      <Filter>Contents\Scripts\Zorf</Filter>
    </ClInclude>
    <ClInclude Include="MnZorfBehaviorTree.h">
      <Filter>Contents\Scripts\Zorf</Filter>
    </ClInclude>
    <ClInclude Include="MnMonIsDead.h">
      <Filter>Contents\LeafNode\Common\MonlsDead</Filter>
    </ClInclude>
    <ClInclude Include="MnFindFish.h">
      <Filter>Contents\LeafNode\Balrog\FindFish</Filter>
    </ClInclude>
    <ClInclude Include="MnGetDemaged.h">
      <Filter>Contents\LeafNode\Balrog\GetDamaged</Filter>
    </ClInclude>
    <ClInclude Include="MnMove2Fish.h">
      <Filter>Contents\LeafNode\Balrog\Move2Fish</Filter>
    </ClInclude>
    <ClInclude Include="MnSylv.h">
      <Filter>Contents\BossMonster\Sylv</Filter>
    </ClInclude>
    <ClInclude Include="MnSylvBehaviorTree.h">
      <Filter>Contents\Scripts\BossMonster\SylvScript</Filter>
    </ClInclude>
    <ClInclude Include="MnSylvRender.h">
      <Filter>Contents\Scripts\BossMonster\SylvScript</Filter>
    </ClInclude>
    <ClInclude Include="MnUltravore.h">
      <Filter>Contents\Fish\Ultravore</Filter>
    </ClInclude>
    <ClInclude Include="MnUltravoreRender.h">
      <Filter>Contents\Scripts\Ultrabore</Filter>
    </ClInclude>
    <ClInclude Include="MnUltravoreBehaviorTree.h">
      <Filter>Contents\Scripts\Ultrabore</Filter>
    </ClInclude>
    <ClInclude Include="MnUltravoreAnimationCntrl.h">
      <Filter>Contents\Scripts\Ultrabore</Filter>
    </ClInclude>
    <ClInclude Include="MnDropTresure.h">
      <Filter>Contents\LeafNode\Ultravore\DropTresure</Filter>
    </ClInclude>
    <ClInclude Include="MnFindCaniboar.h">
      <Filter>Contents\LeafNode\Ultravore\FindCaniboar</Filter>
    </ClInclude>
    <ClInclude Include="MnMove2Caniboar.h">
      <Filter>Contents\LeafNode\Ultravore\Move2Caniboar</Filter>
    </ClInclude>
    <ClInclude Include="MnWaterWave.h">
      <Filter>Contents\BackGround\WaterWave</Filter>
    </ClInclude>
    <ClInclude Include="MnWaterWaveRender.h">
      <Filter>Contents\BackGround\WaterWave</Filter>
    </ClInclude>
    <ClInclude Include="MnItchy.h">
      <Filter>Contents\Pet\Itchy</Filter>
    </ClInclude>
    <ClInclude Include="MnItchyAnimationCntrl.h">
      <Filter>Contents\Scripts\Itchy</Filter>
    </ClInclude>
    <ClInclude Include="MnItchyBehaviorTree.h">
      <Filter>Contents\Scripts\Itchy</Filter>
    </ClInclude>
    <ClInclude Include="MnItchyRender.h">
      <Filter>Contents\Scripts\Itchy</Filter>
    </ClInclude>
    <ClInclude Include="MnDetectBoss.h">
      <Filter>Contents\LeafNode\Common\DetectBoss</Filter>
    </ClInclude>
    <ClInclude Include="MnFishTurn.h">
      <Filter>Contents\LeafNode\Common\FishTurn</Filter>
    </ClInclude>
    <ClInclude Include="MnIsDeath.h">
      <Filter>Contents\LeafNode\Common\IsDeath</Filter>
    </ClInclude>
    <ClInclude Include="MnHungryStack.h">
      <Filter>Contents\LeafNode\Common\HungryStack</Filter>
    </ClInclude>
    <ClInclude Include="MnGetBossPosition.h" />
    <ClInclude Include="MnMove2Boss.h" />
    <ClInclude Include="MnRush2Boss.h" />
    <ClInclude Include="MnChomp.h" />
    <ClInclude Include="MnFoodIcon.h">
      <Filter>Contents\Icon</Filter>
    </ClInclude>
    <ClInclude Include="MnFoodLevelIcon.h" />
    <ClInclude Include="MnCaniboarIcon.h" />
  </ItemGroup>
  <ItemGroup>
    <ClCompile Include="MoonEngine.cpp" />
    <ClCompile Include="MnPlayerHp.cpp">
      <Filter>Contents\UI</Filter>
    </ClCompile>
    <ClCompile Include="playScene.cpp">
      <Filter>Contents\Scene\Stage_1</Filter>
    </ClCompile>
    <ClCompile Include="MnTitleScene.cpp">
      <Filter>Contents\Scene\Title</Filter>
    </ClCompile>
    <ClCompile Include="MnHpBar.cpp">
      <Filter>Contents\UI</Filter>
    </ClCompile>
    <ClCompile Include="MnHpFrame.cpp">
      <Filter>Contents\UI</Filter>
    </ClCompile>
    <ClCompile Include="MnMountainStage.cpp">
      <Filter>Contents\Scene\Stage_3</Filter>
    </ClCompile>
    <ClCompile Include="MnAquarimBG.cpp">
      <Filter>Contents\BackGround\Aquarim</Filter>
    </ClCompile>
    <ClCompile Include="MnTopBar.cpp">
      <Filter>Contents\UI</Filter>
    </ClCompile>
    <ClCompile Include="MnMenuScene.cpp">
      <Filter>Contents\Scene\Title</Filter>
    </ClCompile>
    <ClCompile Include="MnMenuBG.cpp">
      <Filter>Contents\BackGround\Menu</Filter>
    </ClCompile>
    <ClCompile Include="MnGuppy.cpp">
      <Filter>Contents\Fish\Guppy</Filter>
    </ClCompile>
    <ClCompile Include="MnGuppyRenderScript.cpp">
      <Filter>Contents\Scripts\Guppy\Render</Filter>
    </ClCompile>
    <ClCompile Include="MnCameraScript.cpp">
      <Filter>Contents\Scripts\Camera</Filter>
    </ClCompile>
    <ClCompile Include="MnGridScript.cpp">
      <Filter>Contents\Scripts\Grid</Filter>
    </ClCompile>
    <ClCompile Include="MnGuppyScript.cpp">
      <Filter>Contents\Scripts\Guppy</Filter>
    </ClCompile>
    <ClCompile Include="MnGuppyAnimationCntrl.cpp">
      <Filter>Contents\Scripts\Guppy\AnimationCntrl</Filter>
    </ClCompile>
    <ClCompile Include="MnGuppyBehaviorTree.cpp">
      <Filter>Contents\Scripts\Guppy\GuppyBehaviorTree</Filter>
    </ClCompile>
    <ClCompile Include="MnFindFood.cpp">
      <Filter>Contents\LeafNode\Common\FindFood</Filter>
    </ClCompile>
    <ClCompile Include="MnPlayAnimaion.cpp">
      <Filter>Contents\LeafNode\Guppy\PlayAnimaion</Filter>
    </ClCompile>
    <ClCompile Include="MnMove.cpp">
      <Filter>Contents\LeafNode\Guppy\Move</Filter>
    </ClCompile>
    <ClCompile Include="MnIsTurn.cpp">
      <Filter>Contents\LeafNode\Guppy\IsTurn</Filter>
    </ClCompile>
    <ClCompile Include="MnGuppyTurn.cpp">
      <Filter>Contents\LeafNode\Guppy\Turn</Filter>
    </ClCompile>
    <ClCompile Include="MnMousePosScript.cpp">
      <Filter>Contents\Scripts\Mouse</Filter>
    </ClCompile>
    <ClCompile Include="MnFood.cpp">
      <Filter>Contents\Food</Filter>
    </ClCompile>
    <ClCompile Include="MnAddHungryStack.cpp">
      <Filter>Contents\LeafNode\Guppy\AddHungryStack</Filter>
    </ClCompile>
    <ClCompile Include="MnIsHungry.cpp">
      <Filter>Contents\LeafNode\Guppy\IsHungry</Filter>
    </ClCompile>
    <ClCompile Include="MnMove2Food.cpp">
      <Filter>Contents\LeafNode\Guppy\Move2Food</Filter>
    </ClCompile>
    <ClCompile Include="MnEatFood.cpp">
      <Filter>Contents\LeafNode\Guppy\EatFood</Filter>
    </ClCompile>
    <ClCompile Include="MnCoin.cpp">
      <Filter>Contents\Money\Coin</Filter>
    </ClCompile>
    <ClCompile Include="MnFoodScript.cpp">
      <Filter>Contents\Scripts\FoodScript</Filter>
    </ClCompile>
    <ClCompile Include="MnAddLevel.cpp">
      <Filter>Contents\LeafNode\Guppy\AddLevel</Filter>
    </ClCompile>
    <ClCompile Include="MnDropCoin.cpp">
      <Filter>Contents\LeafNode\Guppy\DropCoin</Filter>
    </ClCompile>
    <ClCompile Include="MnCoinRender.cpp">
      <Filter>Contents\Scripts\CoinRender</Filter>
    </ClCompile>
    <ClCompile Include="MnGuppyDeath.cpp">
      <Filter>Contents\LeafNode\Guppy\Death</Filter>
    </ClCompile>
    <ClCompile Include="MnNiko.cpp">
      <Filter>Contents\Pet\Niko</Filter>
    </ClCompile>
    <ClCompile Include="MnNikoScript.cpp">
      <Filter>Contents\Scripts\Niko</Filter>
    </ClCompile>
    <ClCompile Include="MnNikoBehaviorTree.cpp">
      <Filter>Contents\Scripts\Niko</Filter>
    </ClCompile>
    <ClCompile Include="MnNikoRenderer.cpp">
      <Filter>Contents\Scripts\Niko\Render</Filter>
    </ClCompile>
    <ClCompile Include="MnDestroyFish.cpp">
      <Filter>Contents\LeafNode\Guppy\Death</Filter>
    </ClCompile>
    <ClCompile Include="MnBalrog.cpp">
      <Filter>Contents\BossMonster\Balrog</Filter>
    </ClCompile>
    <ClCompile Include="MnBalrogRenderScript.cpp">
      <Filter>Contents\Scripts\BossMonster\BalrogScript</Filter>
    </ClCompile>
    <ClCompile Include="MnPearl.cpp">
      <Filter>Contents\Money\Pearl</Filter>
    </ClCompile>
    <ClCompile Include="MnPearlScript.cpp">
      <Filter>Contents\Scripts\Pearl</Filter>
    </ClCompile>
    <ClCompile Include="MnStinky.cpp">
      <Filter>Contents\Pet\Stinky</Filter>
    </ClCompile>
    <ClCompile Include="MnStinkyScript.cpp">
      <Filter>Contents\Scripts\Stinky</Filter>
    </ClCompile>
    <ClCompile Include="MnMoney.cpp">
      <Filter>Contents\Money</Filter>
    </ClCompile>
    <ClCompile Include="MnStinkyRenderScript.cpp">
      <Filter>Contents\Scripts\Stinky</Filter>
    </ClCompile>
    <ClCompile Include="MnStinkyBehaviorTree.cpp">
      <Filter>Contents\Scripts\Stinky</Filter>
    </ClCompile>
    <ClCompile Include="MnFindCoin.cpp">
      <Filter>Contents\LeafNode\Stinky</Filter>
    </ClCompile>
    <ClCompile Include="MnMove2Coin.cpp">
      <Filter>Contents\LeafNode\Stinky</Filter>
    </ClCompile>
    <ClCompile Include="MnFindBoss.cpp">
      <Filter>Contents\LeafNode\Stinky</Filter>
    </ClCompile>
    <ClCompile Include="MnStinkyHide.cpp">
      <Filter>Contents\LeafNode\Stinky</Filter>
    </ClCompile>
    <ClCompile Include="MnBalrogBehaviorTree.cpp">
      <Filter>Contents\Scripts\BossMonster\BalrogScript</Filter>
    </ClCompile>
    <ClCompile Include="MnComeOut.cpp">
      <Filter>Contents\LeafNode\Stinky</Filter>
    </ClCompile>
    <ClCompile Include="MnSwim.cpp">
      <Filter>Contents\LeafNode\Common\Swim</Filter>
    </ClCompile>
    <ClCompile Include="MnGuppyFoodTurn.cpp">
      <Filter>Contents\LeafNode\Guppy\Turn</Filter>
    </ClCompile>
    <ClCompile Include="MnEventManager.cpp">
      <Filter>Contents\EventManager</Filter>
    </ClCompile>
    <ClCompile Include="MnWarp.cpp">
      <Filter>Contents\Warp</Filter>
    </ClCompile>
    <ClCompile Include="MnWarpHole.cpp">
      <Filter>Contents\Warp</Filter>
    </ClCompile>
    <ClCompile Include="MnWarpRenderScript.cpp">
      <Filter>Contents\Warp</Filter>
    </ClCompile>
    <ClCompile Include="MnButton.cpp">
      <Filter>Contents\Button</Filter>
    </ClCompile>
    <ClCompile Include="MnInGameButton.cpp">
      <Filter>Contents\Button\InGameButton</Filter>
    </ClCompile>
    <ClCompile Include="MnEggIcon.cpp">
      <Filter>Contents\Icon</Filter>
    </ClCompile>
    <ClCompile Include="MnGuppyIcon.cpp">
      <Filter>Contents\Icon</Filter>
    </ClCompile>
    <ClCompile Include="MnButtonPanel.cpp">
      <Filter>Contents\Button</Filter>
    </ClCompile>
    <ClCompile Include="MnButtonFrameRender.cpp">
      <Filter>Contents\Button</Filter>
    </ClCompile>
    <ClCompile Include="MnButtonFrame.cpp">
      <Filter>Contents\Button</Filter>
    </ClCompile>
    <ClCompile Include="MnCaniboar.cpp">
      <Filter>Contents\Fish\Caniboar</Filter>
    </ClCompile>
    <ClCompile Include="MnCaniboarRender.cpp">
      <Filter>Contents\Scripts\Caniboare</Filter>
    </ClCompile>
    <ClCompile Include="MnCaniboarBehaviorTree.cpp">
      <Filter>Contents\Scripts\Caniboare</Filter>
    </ClCompile>
    <ClCompile Include="MnCaniBoarAnimatonCntrl.cpp">
      <Filter>Contents\Scripts\Caniboare</Filter>
    </ClCompile>
    <ClCompile Include="MnHungryCheck.cpp">
      <Filter>Contents\LeafNode\Guppy\IsHungry</Filter>
    </ClCompile>
    <ClCompile Include="MnFindSmallGuppy.cpp">
      <Filter>Contents\Scripts\Caniboare</Filter>
    </ClCompile>
    <ClCompile Include="MnMove2Guppy.cpp">
      <Filter>Contents\Scripts\Caniboare</Filter>
    </ClCompile>
    <ClCompile Include="MnTurn2Food.cpp">
      <Filter>Contents\Scripts\Caniboare</Filter>
    </ClCompile>
    <ClCompile Include="MnDiamond.cpp">
      <Filter>Contents\Money\Diamond</Filter>
    </ClCompile>
    <ClCompile Include="MnZorf.cpp">
      <Filter>Contents\Pet\Zorf</Filter>
    </ClCompile>
    <ClCompile Include="MnDropDiamond.cpp">
      <Filter>Contents\Scripts\Caniboare</Filter>
    </ClCompile>
    <ClCompile Include="MnDiamondRender.cpp">
      <Filter>Contents\Scripts\Diamond</Filter>
    </ClCompile>
    <ClCompile Include="MnDiamondScript.cpp">
      <Filter>Contents\Scripts\Diamond</Filter>
    </ClCompile>
    <ClCompile Include="MnZorfRender.cpp">
      <Filter>Contents\Scripts\Zorf</Filter>
    </ClCompile>
    <ClCompile Include="MnZorfFeedDone.cpp">
      <Filter>Contents\LeafNode\Zorf\FeedDone</Filter>
    </ClCompile>
    <ClCompile Include="MnFeedTimer.cpp">
      <Filter>Contents\LeafNode\Zorf\FeedTimer</Filter>
    </ClCompile>
    <ClCompile Include="MnFindHungryGuppy.cpp">
      <Filter>Contents\LeafNode\Zorf\FindHungryGuppy</Filter>
    </ClCompile>
    <ClCompile Include="MnZorfFeedFood.cpp">
      <Filter>Contents\LeafNode\Zorf\FeedFood</Filter>
    </ClCompile>
    <ClCompile Include="MnZorfAnimationCntrl.cpp">
      <Filter>Contents\Scripts\Zorf</Filter>
    </ClCompile>
    <ClCompile Include="MnZorfBehaviorTree.cpp">
      <Filter>Contents\Scripts\Zorf</Filter>
    </ClCompile>
    <ClCompile Include="MnMonIsDead.cpp">
      <Filter>Contents\LeafNode\Common\MonlsDead</Filter>
    </ClCompile>
    <ClCompile Include="MnFindFish.cpp">
      <Filter>Contents\LeafNode\Balrog\FindFish</Filter>
    </ClCompile>
    <ClCompile Include="MnGetDemaged.cpp">
      <Filter>Contents\LeafNode\Balrog\GetDamaged</Filter>
    </ClCompile>
    <ClCompile Include="MnMove2Fish.cpp">
      <Filter>Contents\LeafNode\Balrog\Move2Fish</Filter>
    </ClCompile>
    <ClCompile Include="MnSylv.cpp">
      <Filter>Contents\BossMonster\Sylv</Filter>
    </ClCompile>
    <ClCompile Include="MnSylvBehaviorTree.cpp">
      <Filter>Contents\Scripts\BossMonster\SylvScript</Filter>
    </ClCompile>
    <ClCompile Include="MnSylvRender.cpp">
      <Filter>Contents\Scripts\BossMonster\SylvScript</Filter>
    </ClCompile>
    <ClCompile Include="MnUltravore.cpp">
      <Filter>Contents\Fish\Ultravore</Filter>
    </ClCompile>
    <ClCompile Include="MnUltravoreRender.cpp">
      <Filter>Contents\Scripts\Ultrabore</Filter>
    </ClCompile>
    <ClCompile Include="MnUltravoreBehaviorTree.cpp">
      <Filter>Contents\Scripts\Ultrabore</Filter>
    </ClCompile>
    <ClCompile Include="MnUltravoreAnimationCntrl.cpp">
      <Filter>Contents\Scripts\Ultrabore</Filter>
    </ClCompile>
    <ClCompile Include="MnDropTresure.cpp">
      <Filter>Contents\LeafNode\Ultravore\DropTresure</Filter>
    </ClCompile>
    <ClCompile Include="MnFindCaniboar.cpp">
      <Filter>Contents\LeafNode\Ultravore\FindCaniboar</Filter>
    </ClCompile>
    <ClCompile Include="MnMove2Caniboar.cpp">
      <Filter>Contents\LeafNode\Ultravore\Move2Caniboar</Filter>
    </ClCompile>
    <ClCompile Include="MnWaterWave.cpp">
      <Filter>Contents\BackGround\WaterWave</Filter>
    </ClCompile>
    <ClCompile Include="MnWaterWaveRender.cpp">
      <Filter>Contents\BackGround\WaterWave</Filter>
    </ClCompile>
    <ClCompile Include="MnItchy.cpp">
      <Filter>Contents\Pet\Itchy</Filter>
    </ClCompile>
    <ClCompile Include="MnItchyAnimationCntrl.cpp">
      <Filter>Contents\Scripts\Itchy</Filter>
    </ClCompile>
    <ClCompile Include="MnItchyBehaviorTree.cpp">
      <Filter>Contents\Scripts\Itchy</Filter>
    </ClCompile>
    <ClCompile Include="MnItchyRender.cpp">
      <Filter>Contents\Scripts\Itchy</Filter>
    </ClCompile>
    <ClCompile Include="MnDetectBoss.cpp">
      <Filter>Contents\LeafNode\Common\DetectBoss</Filter>
    </ClCompile>
    <ClCompile Include="MnFishTurn.cpp">
      <Filter>Contents\LeafNode\Common\FishTurn</Filter>
    </ClCompile>
    <ClCompile Include="MnIsDeath.cpp">
      <Filter>Contents\LeafNode\Common\IsDeath</Filter>
    </ClCompile>
    <ClCompile Include="MnHungryStack.cpp">
      <Filter>Contents\LeafNode\Common\HungryStack</Filter>
    </ClCompile>
    <ClCompile Include="MnGetBossPosition.cpp" />
    <ClCompile Include="MnMove2Boss.cpp" />
    <ClCompile Include="MnRush2Boss.cpp" />
    <ClCompile Include="MnChomp.cpp" />
    <ClCompile Include="MnFoodIcon.cpp">
      <Filter>Contents\Icon</Filter>
    </ClCompile>
    <ClCompile Include="MnFoodLevelIcon.cpp" />
    <ClCompile Include="MnCaniboarIcon.cpp" />
  </ItemGroup>
  <ItemGroup>
    <Filter Include="Contents">
      <UniqueIdentifier>{5bd0338d-6f5a-4cf7-a5eb-8ac76d22bbf1}</UniqueIdentifier>
    </Filter>
    <Filter Include="Contents\Scripts">
      <UniqueIdentifier>{a68b2a13-3248-440a-8f45-be6076d17f79}</UniqueIdentifier>
    </Filter>
    <Filter Include="Contents\Scene">
      <UniqueIdentifier>{a9b745f7-a3cb-4e6a-90d5-88b238a1db7c}</UniqueIdentifier>
    </Filter>
    <Filter Include="Contents\Load">
      <UniqueIdentifier>{64460e03-0eec-4f30-9969-ac14b48662b8}</UniqueIdentifier>
    </Filter>
    <Filter Include="Contents\UI">
      <UniqueIdentifier>{d6a5643c-5fc4-4c8b-a82d-fca0352925af}</UniqueIdentifier>
    </Filter>
    <Filter Include="Contents\BackGround">
      <UniqueIdentifier>{af507ee7-ecd2-43d5-9670-60b196a54a47}</UniqueIdentifier>
    </Filter>
    <Filter Include="Contents\Scene\Stage_2">
      <UniqueIdentifier>{0a002c5d-f9da-4cb8-844b-00262e8ff083}</UniqueIdentifier>
    </Filter>
    <Filter Include="Contents\Scene\Stage_1">
      <UniqueIdentifier>{dc460d1a-f75f-46ff-9485-a951339f9cdc}</UniqueIdentifier>
    </Filter>
    <Filter Include="Contents\Scene\Title">
      <UniqueIdentifier>{17c2c4b5-a802-43df-8cb1-304b6a905951}</UniqueIdentifier>
    </Filter>
    <Filter Include="Contents\Scene\Stage_3">
      <UniqueIdentifier>{c66f6439-7e6c-450a-9a5b-fb546cef4f86}</UniqueIdentifier>
    </Filter>
    <Filter Include="Contents\BackGround\Aquarim">
      <UniqueIdentifier>{fd3b9dc8-cd9c-46f8-9979-950cf5ee3ca8}</UniqueIdentifier>
    </Filter>
    <Filter Include="Contents\BackGround\Menu">
      <UniqueIdentifier>{8e220940-8bc6-419e-8bb2-6401562b52f1}</UniqueIdentifier>
    </Filter>
    <Filter Include="Contents\Scripts\Camera">
      <UniqueIdentifier>{199f0f2d-b4aa-4ece-ad8a-fff0f6a9abff}</UniqueIdentifier>
    </Filter>
    <Filter Include="Contents\Scripts\Grid">
      <UniqueIdentifier>{c4a82383-6cad-49e3-8106-1012a36d1362}</UniqueIdentifier>
    </Filter>
    <Filter Include="Contents\Scripts\Guppy">
      <UniqueIdentifier>{6f8d0803-1917-4b64-a1e3-3832a0727030}</UniqueIdentifier>
    </Filter>
    <Filter Include="Contents\Scripts\Guppy\Render">
      <UniqueIdentifier>{74729f92-dae5-465b-b8d4-2dc38c2f2a71}</UniqueIdentifier>
    </Filter>
    <Filter Include="Contents\Scripts\Guppy\AnimationCntrl">
      <UniqueIdentifier>{f4f05190-345c-43e0-b323-2ef95a2169d5}</UniqueIdentifier>
    </Filter>
    <Filter Include="Contents\LeafNode">
      <UniqueIdentifier>{5b209fe8-25b7-4e4a-846c-537d2715d244}</UniqueIdentifier>
    </Filter>
    <Filter Include="Contents\LeafNode\Guppy">
      <UniqueIdentifier>{06ef8ce5-0f96-46d0-96ec-6626ab38800c}</UniqueIdentifier>
    </Filter>
    <Filter Include="Contents\LeafNode\Guppy\IsHungry">
      <UniqueIdentifier>{52a33871-08a6-45f8-9ef3-8cbf4c719d04}</UniqueIdentifier>
    </Filter>
    <Filter Include="Contents\LeafNode\Guppy\PlayAnimaion">
      <UniqueIdentifier>{8bb735cd-1982-4777-8f5b-28bca9a84f6f}</UniqueIdentifier>
    </Filter>
    <Filter Include="Contents\LeafNode\Guppy\Move">
      <UniqueIdentifier>{4c9f49b3-1d8f-4c41-bc08-b44a03300560}</UniqueIdentifier>
    </Filter>
    <Filter Include="Contents\LeafNode\Guppy\IsTurn">
      <UniqueIdentifier>{b36cc6bd-6388-4022-a745-fad2edce3ac0}</UniqueIdentifier>
    </Filter>
    <Filter Include="Contents\LeafNode\Guppy\Turn">
      <UniqueIdentifier>{b3a427d3-12d7-49de-96a3-d033fb5e2ee2}</UniqueIdentifier>
    </Filter>
    <Filter Include="Contents\Scripts\Mouse">
      <UniqueIdentifier>{8b0b1d74-8c8b-450a-a311-28364d402d1a}</UniqueIdentifier>
    </Filter>
    <Filter Include="Contents\Food">
      <UniqueIdentifier>{5ca81470-328f-40ba-81e3-27d8c8ea2cee}</UniqueIdentifier>
    </Filter>
    <Filter Include="Contents\LeafNode\Guppy\AddHungryStack">
      <UniqueIdentifier>{3b8b3277-b812-47b1-88aa-c67158919a28}</UniqueIdentifier>
    </Filter>
    <Filter Include="Contents\LeafNode\Guppy\Move2Food">
      <UniqueIdentifier>{5dcd4143-0229-4702-9a6a-12e3d6f10620}</UniqueIdentifier>
    </Filter>
    <Filter Include="Contents\LeafNode\Guppy\EatFood">
      <UniqueIdentifier>{e5783598-111e-43a6-9321-6836c064f346}</UniqueIdentifier>
    </Filter>
    <Filter Include="Contents\Scripts\FoodScript">
      <UniqueIdentifier>{28acec9d-a6bc-4c37-983e-3da93687110d}</UniqueIdentifier>
    </Filter>
    <Filter Include="Contents\LeafNode\Guppy\AddLevel">
      <UniqueIdentifier>{24ec1fcc-a0b8-4206-a5d8-914778edbb04}</UniqueIdentifier>
    </Filter>
    <Filter Include="Contents\LeafNode\Guppy\DropCoin">
      <UniqueIdentifier>{dd9a2d88-31b8-4ae1-991e-3d9875438c09}</UniqueIdentifier>
    </Filter>
    <Filter Include="Contents\Scripts\CoinRender">
      <UniqueIdentifier>{d2e806e0-74ac-4a84-aabd-b8212453a784}</UniqueIdentifier>
    </Filter>
    <Filter Include="Contents\LeafNode\Guppy\Death">
      <UniqueIdentifier>{f51aa5a7-e7c1-45f0-abfb-79192e1f7bd2}</UniqueIdentifier>
    </Filter>
    <Filter Include="Contents\Pet">
      <UniqueIdentifier>{4818b4fd-de9e-4244-a2e3-8dfd73e43a73}</UniqueIdentifier>
    </Filter>
    <Filter Include="Contents\Pet\Niko">
      <UniqueIdentifier>{64bf592a-a499-4271-9834-61c019df90b9}</UniqueIdentifier>
    </Filter>
    <Filter Include="Contents\Fish">
      <UniqueIdentifier>{12e0e681-ae04-4632-beca-06fa4eaf3a13}</UniqueIdentifier>
    </Filter>
    <Filter Include="Contents\Fish\Guppy">
      <UniqueIdentifier>{865a5c95-e0a7-460e-8a0c-23234d50c7d4}</UniqueIdentifier>
    </Filter>
    <Filter Include="Contents\Scripts\Niko">
      <UniqueIdentifier>{be5ed189-ee24-42c9-a853-a861e134db93}</UniqueIdentifier>
    </Filter>
    <Filter Include="Contents\Scripts\Niko\Render">
      <UniqueIdentifier>{8247f518-9987-411e-9f4c-d294a80246f0}</UniqueIdentifier>
    </Filter>
    <Filter Include="Contents\BossMonster">
      <UniqueIdentifier>{a570d4de-a650-4c2c-b1b6-2a755e215171}</UniqueIdentifier>
    </Filter>
    <Filter Include="Contents\BossMonster\Balrog">
      <UniqueIdentifier>{797cc6a7-057b-440d-ac67-a637cd3f11c8}</UniqueIdentifier>
    </Filter>
    <Filter Include="Contents\Scripts\BossMonster">
      <UniqueIdentifier>{05093eaa-ce7f-4026-9558-a43022387325}</UniqueIdentifier>
    </Filter>
    <Filter Include="Contents\Scripts\BossMonster\BalrogScript">
      <UniqueIdentifier>{63aaa0ec-d8bf-4f48-9614-efacb8ae388f}</UniqueIdentifier>
    </Filter>
    <Filter Include="Contents\LeafNode\Balrog">
      <UniqueIdentifier>{48d4993c-af18-44c5-a2c9-7d1dd7bb7014}</UniqueIdentifier>
    </Filter>
    <Filter Include="Contents\Money">
      <UniqueIdentifier>{e7ce8115-5c49-419c-9aef-bc85f48432ec}</UniqueIdentifier>
    </Filter>
    <Filter Include="Contents\Money\Coin">
      <UniqueIdentifier>{35c78fda-ba5d-44ae-b6c5-cf6be622ef02}</UniqueIdentifier>
    </Filter>
    <Filter Include="Contents\Money\Pearl">
      <UniqueIdentifier>{21be6858-1533-48e5-b11c-0bc2eb4c9996}</UniqueIdentifier>
    </Filter>
    <Filter Include="Contents\Scripts\Pearl">
      <UniqueIdentifier>{946ff12a-8a86-4920-87f9-e79a79297f73}</UniqueIdentifier>
    </Filter>
    <Filter Include="Contents\Pet\Stinky">
      <UniqueIdentifier>{ded9e0d8-84b9-442d-a790-46eda064dc6e}</UniqueIdentifier>
    </Filter>
    <Filter Include="Contents\Scripts\Stinky">
      <UniqueIdentifier>{65855a0b-88e5-4c7c-a9aa-6479df3b930b}</UniqueIdentifier>
    </Filter>
    <Filter Include="Contents\LeafNode\Stinky">
      <UniqueIdentifier>{9bb67a64-5682-47e6-a6c8-b8bde0e7f98f}</UniqueIdentifier>
    </Filter>
    <Filter Include="Contents\LeafNode\Common">
      <UniqueIdentifier>{646ca4c6-da38-492a-9488-61512cf5d977}</UniqueIdentifier>
    </Filter>
    <Filter Include="Contents\LeafNode\Common\FindFood">
      <UniqueIdentifier>{23dc3609-3f10-4a5d-955c-ed6f5b122911}</UniqueIdentifier>
    </Filter>
    <Filter Include="Contents\LeafNode\Common\Swim">
      <UniqueIdentifier>{c364843a-0014-49c3-9b7a-3ffc811ca465}</UniqueIdentifier>
    </Filter>
    <Filter Include="Contents\Warp">
      <UniqueIdentifier>{593f92c3-992e-458b-ae0c-b4e84fc6c4dc}</UniqueIdentifier>
    </Filter>
    <Filter Include="Contents\EventManager">
      <UniqueIdentifier>{bc9c115b-da65-4401-a780-3fd606926553}</UniqueIdentifier>
    </Filter>
    <Filter Include="Contents\Button">
      <UniqueIdentifier>{58be3070-8e5a-4786-a096-119dd89d490f}</UniqueIdentifier>
    </Filter>
    <Filter Include="Contents\Button\InGameButton">
      <UniqueIdentifier>{b4977357-0433-41f7-a743-cabae1950faa}</UniqueIdentifier>
    </Filter>
    <Filter Include="Contents\Icon">
      <UniqueIdentifier>{26871126-e6e6-4986-8dd5-ff9479b66382}</UniqueIdentifier>
    </Filter>
    <Filter Include="Contents\Fish\Caniboar">
      <UniqueIdentifier>{c4028ea4-4449-4c65-a990-4435114532e4}</UniqueIdentifier>
    </Filter>
    <Filter Include="Contents\Scripts\Caniboare">
      <UniqueIdentifier>{fcc995a2-268c-4ebe-9bfb-37e7a81e6258}</UniqueIdentifier>
    </Filter>
    <Filter Include="Contents\Money\Diamond">
      <UniqueIdentifier>{ac413b40-086c-44d1-aa9c-2f254f264af6}</UniqueIdentifier>
    </Filter>
    <Filter Include="Contents\Pet\Zorf">
      <UniqueIdentifier>{89345e13-b881-4453-8f35-ab8461a4ceda}</UniqueIdentifier>
    </Filter>
    <Filter Include="Contents\Scripts\Zorf">
      <UniqueIdentifier>{4b2b281b-ef98-47d3-95e2-9cb2988796ee}</UniqueIdentifier>
    </Filter>
    <Filter Include="Contents\Scripts\Diamond">
      <UniqueIdentifier>{10294fae-7ce4-482e-9944-994024b444dd}</UniqueIdentifier>
    </Filter>
    <Filter Include="Contents\LeafNode\Zorf">
      <UniqueIdentifier>{c9d7e2f1-3d36-40c9-8cb0-21d8687828db}</UniqueIdentifier>
    </Filter>
    <Filter Include="Contents\LeafNode\Zorf\FeedDone">
      <UniqueIdentifier>{bc37e429-91e2-442e-b40f-65696c0d8e46}</UniqueIdentifier>
    </Filter>
    <Filter Include="Contents\LeafNode\Zorf\FeedTimer">
      <UniqueIdentifier>{69272d62-1cb7-42e2-a9fe-ca1310e9cb85}</UniqueIdentifier>
    </Filter>
    <Filter Include="Contents\LeafNode\Zorf\FindHungryGuppy">
      <UniqueIdentifier>{0b73006e-6768-4abb-bb6d-b00caa44c9dd}</UniqueIdentifier>
    </Filter>
    <Filter Include="Contents\LeafNode\Zorf\FeedFood">
      <UniqueIdentifier>{8e0bbebf-753c-4c70-8e2f-2dab6d130f38}</UniqueIdentifier>
    </Filter>
    <Filter Include="Contents\LeafNode\Balrog\FindFish">
      <UniqueIdentifier>{b7e1e848-9218-45ae-8fac-e9b8f2e5c584}</UniqueIdentifier>
    </Filter>
    <Filter Include="Contents\LeafNode\Balrog\GetDamaged">
      <UniqueIdentifier>{e0c6db11-018d-45ae-89be-d253d218f2b2}</UniqueIdentifier>
    </Filter>
    <Filter Include="Contents\LeafNode\Balrog\Move2Fish">
      <UniqueIdentifier>{a854cc6c-a9b8-4515-9d1e-57f4b2ffc451}</UniqueIdentifier>
    </Filter>
    <Filter Include="Contents\BossMonster\Sylv">
      <UniqueIdentifier>{1f02ab4e-fbdc-4a6d-b4ab-ab1d5e57df8c}</UniqueIdentifier>
    </Filter>
    <Filter Include="Contents\LeafNode\Common\MonlsDead">
      <UniqueIdentifier>{7fe5492c-3134-4b4f-a5a6-ccb38d767b15}</UniqueIdentifier>
    </Filter>
    <Filter Include="Contents\Scripts\BossMonster\SylvScript">
      <UniqueIdentifier>{56f14430-9330-47e4-9791-f1f1378d505d}</UniqueIdentifier>
    </Filter>
    <Filter Include="Contents\Fish\Ultravore">
      <UniqueIdentifier>{ec07d051-59b3-4ca6-b8f2-f5b4ac3264f2}</UniqueIdentifier>
    </Filter>
    <Filter Include="Contents\Scripts\Ultrabore">
      <UniqueIdentifier>{e78b4473-02ca-4460-b537-f61f57f10de9}</UniqueIdentifier>
    </Filter>
    <Filter Include="Contents\LeafNode\Ultravore">
      <UniqueIdentifier>{864530cb-5e82-42fe-ba4e-e34ecf44ef3c}</UniqueIdentifier>
    </Filter>
    <Filter Include="Contents\LeafNode\Ultravore\DropTresure">
      <UniqueIdentifier>{50b2e345-5e8f-4c0b-85c4-92e59efad0ef}</UniqueIdentifier>
    </Filter>
    <Filter Include="Contents\LeafNode\Ultravore\FindCaniboar">
      <UniqueIdentifier>{5cb5754c-acfb-4c54-8941-c606876eb5a4}</UniqueIdentifier>
    </Filter>
    <Filter Include="Contents\LeafNode\Ultravore\Move2Caniboar">
      <UniqueIdentifier>{87a93c02-5f81-422a-a69d-628f54f768ba}</UniqueIdentifier>
    </Filter>
    <Filter Include="Contents\BackGround\WaterWave">
      <UniqueIdentifier>{3a3d8dea-9316-46df-9a8c-2d605ca11a29}</UniqueIdentifier>
    </Filter>
    <Filter Include="Contents\Pet\Itchy">
      <UniqueIdentifier>{e82d5044-f738-4ddf-a2be-f388f74ffb20}</UniqueIdentifier>
    </Filter>
    <Filter Include="Contents\Scripts\Itchy">
      <UniqueIdentifier>{f6356d28-966b-437e-adc8-c1d8d0f454cc}</UniqueIdentifier>
    </Filter>
    <Filter Include="Contents\Scripts\Guppy\GuppyBehaviorTree">
      <UniqueIdentifier>{846405bb-df90-4774-9f98-75e70204c3bb}</UniqueIdentifier>
    </Filter>
    <Filter Include="Contents\LeafNode\Common\DetectBoss">
      <UniqueIdentifier>{a25835b1-acd8-4b88-8ce4-bf41f735f2d3}</UniqueIdentifier>
    </Filter>
    <Filter Include="Contents\LeafNode\Common\FishTurn">
      <UniqueIdentifier>{b6b4851a-a2f4-4b99-bbf2-ea2d178547d3}</UniqueIdentifier>
    </Filter>
    <Filter Include="Contents\LeafNode\Common\IsDeath">
      <UniqueIdentifier>{cd2ba977-56ed-4e00-80c2-324bc837983b}</UniqueIdentifier>
    </Filter>
    <Filter Include="Contents\LeafNode\Common\HungryStack">
      <UniqueIdentifier>{be42af3a-8b31-4396-a2bb-83d876a2836b}</UniqueIdentifier>
    </Filter>
  </ItemGroup>
  <ItemGroup>
    <ResourceCompile Include="MoonEngine.rc" />
  </ItemGroup>
</Project>